PODS:
  - Flutter (1.0.0)
  - Stripe (21.7.0):
    - Stripe/Stripe3DS2 (= 21.7.0)
    - StripeCore (= 21.7.0)
  - Stripe/Stripe3DS2 (21.7.0):
    - StripeCore (= 21.7.0)
  - stripe_ios (0.0.1):
    - Flutter
    - Stripe (~> 21.7.0)
  - StripeCore (21.7.0)

DEPENDENCIES:
  - Flutter (from `Flutter`)
  - stripe_ios (from `.symlinks/plugins/stripe_ios/ios`)

SPEC REPOS:
  trunk:
    - Stripe
    - StripeCore

EXTERNAL SOURCES:
  Flutter:
    :path: Flutter
  stripe_ios:
    :path: ".symlinks/plugins/stripe_ios/ios"

SPEC CHECKSUMS:
  Flutter: 50d75fe2f02b26cc09d224853bb45737f8b3214a
  Stripe: 90596971ef49bade169f68bc59369a796b30a045
  stripe_ios: 669a91fd06d17954dedeaebec35c56bf1c72a602
  StripeCore: c09b492efc3b269a6ff875ad738ca366db97e03b

PODFILE CHECKSUM: 7368163408c647b7eb699d0d788ba6718e18fb8d

COCOAPODS: 1.10.1
